
Microsoft Visual Studio Solution File, Format Version 11.00
# Visual Studio 2010
Project("{FAE04EC0-301F-11D3-BF4B-00C04F79EFBC}") = "Assembly-CSharp-firstpass", "Assembly-CSharp-firstpass.csproj", "{DC3B96F5-8EE0-6D5E-AB85-75FF5562D844}"
EndProject
Project("{FAE04EC0-301F-11D3-BF4B-00C04F79EFBC}") = "Assembly-CSharp", "Assembly-CSharp.csproj", "{089C08F1-9D83-3944-2334-67B75604BE56}"
EndProject
Global
	GlobalSection(SolutionConfigurationPlatforms) = preSolution
		Debug|Any CPU = Debug|Any CPU
		Release|Any CPU = Release|Any CPU
	EndGlobalSection
	GlobalSection(ProjectConfigurationPlatforms) = postSolution
		{DC3B96F5-8EE0-6D5E-AB85-75FF5562D844}.Debug|Any CPU.ActiveCfg = Debug|Any CPU
		{DC3B96F5-8EE0-6D5E-AB85-75FF5562D844}.Debug|Any CPU.Build.0 = Debug|Any CPU
		{DC3B96F5-8EE0-6D5E-AB85-75FF5562D844}.Release|Any CPU.ActiveCfg = Release|Any CPU
		{DC3B96F5-8EE0-6D5E-AB85-75FF5562D844}.Release|Any CPU.Build.0 = Release|Any CPU
		{089C08F1-9D83-3944-2334-67B75604BE56}.Debug|Any CPU.ActiveCfg = Debug|Any CPU
		{089C08F1-9D83-3944-2334-67B75604BE56}.Debug|Any CPU.Build.0 = Debug|Any CPU
		{089C08F1-9D83-3944-2334-67B75604BE56}.Release|Any CPU.ActiveCfg = Release|Any CPU
		{089C08F1-9D83-3944-2334-67B75604BE56}.Release|Any CPU.Build.0 = Release|Any CPU
	EndGlobalSection
	GlobalSection(SolutionProperties) = preSolution
		HideSolutionNode = FALSE
	EndGlobalSection
	GlobalSection(MonoDevelopProperties) = preSolution
		StartupItem = Assembly-CSharp.csproj
	EndGlobalSection
EndGlobal
